// !$*UTF8*$!
{
	archiveVersion = 1;
	classes = {
	};
	objectVersion = 56;
	objects = {

/* Begin PBXBuildFile section */
		111111111111111111111101 /* CueApp.swift in Sources */ = {isa = PBXBuildFile; fileRef = 111111111111111111111001 /* CueApp.swift */; };
		111111111111111111111102 /* BackendClientTests.swift in Sources */ = {isa = PBXBuildFile; fileRef = 111111111111111111111002 /* BackendClientTests.swift */; };
		111111111111111111111901 /* PermissionCheckerTests.swift in Sources */ = {isa = PBXBuildFile; fileRef = 111111111111111111111306 /* PermissionCheckerTests.swift */; };
		111111111111111111111902 /* PackagingScriptTests.swift in Sources */ = {isa = PBXBuildFile; fileRef = 111111111111111111111307 /* PackagingScriptTests.swift */; };
		111111111111111111111903 /* VoiceInputControllerTests.swift in Sources */ = {isa = PBXBuildFile; fileRef = 111111111111111111111308 /* VoiceInputControllerTests.swift */; };
		111111111111111111111904 /* AppStateConversationTests.swift in Sources */ = {isa = PBXBuildFile; fileRef = 111111111111111111111309 /* AppStateConversationTests.swift */; };
		111111111111111111111201 /* AppState.swift in Sources */ = {isa = PBXBuildFile; fileRef = 111111111111111111111301 /* AppState.swift */; };
		111111111111111111111202 /* Models.swift in Sources */ = {isa = PBXBuildFile; fileRef = 111111111111111111111302 /* Models.swift */; };
		111111111111111111111203 /* BackendClient.swift in Sources */ = {isa = PBXBuildFile; fileRef = 111111111111111111111303 /* BackendClient.swift */; };
		111111111111111111111204 /* CueStatusBarController.swift in Sources */ = {isa = PBXBuildFile; fileRef = 111111111111111111111304 /* CueStatusBarController.swift */; };
		111111111111111111111205 /* OnboardingView.swift in Sources */ = {isa = PBXBuildFile; fileRef = 111111111111111111111305 /* OnboardingView.swift */; };
		111111111111111111111501 /* CommandPaletteView.swift in Sources */ = {isa = PBXBuildFile; fileRef = 111111111111111111111601 /* CommandPaletteView.swift */; };
		111111111111111111111502 /* InputModePicker.swift in Sources */ = {isa = PBXBuildFile; fileRef = 111111111111111111111602 /* InputModePicker.swift */; };
		111111111111111111111503 /* WorkflowPlanView.swift in Sources */ = {isa = PBXBuildFile; fileRef = 111111111111111111111603 /* WorkflowPlanView.swift */; };
		111111111111111111111504 /* WorkflowStepView.swift in Sources */ = {isa = PBXBuildFile; fileRef = 111111111111111111111604 /* WorkflowStepView.swift */; };
		111111111111111111111505 /* ConfirmationView.swift in Sources */ = {isa = PBXBuildFile; fileRef = 111111111111111111111605 /* ConfirmationView.swift */; };
		111111111111111111111506 /* ApprovalTierView.swift in Sources */ = {isa = PBXBuildFile; fileRef = 111111111111111111111606 /* ApprovalTierView.swift */; };
		111111111111111111111507 /* VerificationView.swift in Sources */ = {isa = PBXBuildFile; fileRef = 111111111111111111111607 /* VerificationView.swift */; };
		111111111111111111111508 /* FocusStatusView.swift in Sources */ = {isa = PBXBuildFile; fileRef = 111111111111111111111608 /* FocusStatusView.swift */; };
		111111111111111111111509 /* PrivacyStatusView.swift in Sources */ = {isa = PBXBuildFile; fileRef = 111111111111111111111609 /* PrivacyStatusView.swift */; };
		11111111111111111111150A /* AuditTrailView.swift in Sources */ = {isa = PBXBuildFile; fileRef = 11111111111111111111160A /* AuditTrailView.swift */; };
		11111111111111111111150B /* TimingView.swift in Sources */ = {isa = PBXBuildFile; fileRef = 11111111111111111111160B /* TimingView.swift */; };
		11111111111111111111150C /* SafetyBlockView.swift in Sources */ = {isa = PBXBuildFile; fileRef = 11111111111111111111160C /* SafetyBlockView.swift */; };
		11111111111111111111150D /* SpeechController.swift in Sources */ = {isa = PBXBuildFile; fileRef = 11111111111111111111160D /* SpeechController.swift */; };
		11111111111111111111150E /* HotKeyController.swift in Sources */ = {isa = PBXBuildFile; fileRef = 11111111111111111111160E /* HotKeyController.swift */; };
		11111111111111111111150F /* PermissionChecker.swift in Sources */ = {isa = PBXBuildFile; fileRef = 11111111111111111111160F /* PermissionChecker.swift */; };
		111111111111111111111510 /* VoiceInputController.swift in Sources */ = {isa = PBXBuildFile; fileRef = 111111111111111111111610 /* VoiceInputController.swift */; };
		111111111111111111111511 /* ConversationModels.swift in Sources */ = {isa = PBXBuildFile; fileRef = 111111111111111111111611 /* ConversationModels.swift */; };
		111111111111111111111512 /* ConversationView.swift in Sources */ = {isa = PBXBuildFile; fileRef = 111111111111111111111612 /* ConversationView.swift */; };
		111111111111111111111513 /* DetailsInspectorView.swift in Sources */ = {isa = PBXBuildFile; fileRef = 111111111111111111111613 /* DetailsInspectorView.swift */; };
/* End PBXBuildFile section */

/* Begin PBXContainerItemProxy section */
		111111111111111111111103 /* PBXContainerItemProxy */ = {
			isa = PBXContainerItemProxy;
			containerPortal = 111111111111111111111000 /* Project object */;
			proxyType = 1;
			remoteGlobalIDString = 111111111111111111111010;
			remoteInfo = CueApp;
		};
/* End PBXContainerItemProxy section */

/* Begin PBXFileReference section */
		111111111111111111111001 /* CueApp.swift */ = {isa = PBXFileReference; lastKnownFileType = sourcecode.swift; path = CueApp.swift; sourceTree = "<group>"; };
		111111111111111111111002 /* BackendClientTests.swift */ = {isa = PBXFileReference; lastKnownFileType = sourcecode.swift; path = BackendClientTests.swift; sourceTree = "<group>"; };
		111111111111111111111004 /* CueApp.app */ = {isa = PBXFileReference; explicitFileType = wrapper.application; includeInIndex = 0; path = CueApp.app; sourceTree = BUILT_PRODUCTS_DIR; };
		111111111111111111111005 /* CueAppTests.xctest */ = {isa = PBXFileReference; explicitFileType = wrapper.cfbundle; includeInIndex = 0; path = CueAppTests.xctest; sourceTree = BUILT_PRODUCTS_DIR; };
		111111111111111111111301 /* AppState.swift */ = {isa = PBXFileReference; lastKnownFileType = sourcecode.swift; path = AppState.swift; sourceTree = "<group>"; };
		111111111111111111111302 /* Models.swift */ = {isa = PBXFileReference; lastKnownFileType = sourcecode.swift; path = Models.swift; sourceTree = "<group>"; };
		111111111111111111111303 /* BackendClient.swift */ = {isa = PBXFileReference; lastKnownFileType = sourcecode.swift; path = BackendClient.swift; sourceTree = "<group>"; };
		111111111111111111111304 /* CueStatusBarController.swift */ = {isa = PBXFileReference; lastKnownFileType = sourcecode.swift; path = CueStatusBarController.swift; sourceTree = "<group>"; };
		111111111111111111111305 /* OnboardingView.swift */ = {isa = PBXFileReference; lastKnownFileType = sourcecode.swift; path = OnboardingView.swift; sourceTree = "<group>"; };
		111111111111111111111306 /* PermissionCheckerTests.swift */ = {isa = PBXFileReference; lastKnownFileType = sourcecode.swift; path = PermissionCheckerTests.swift; sourceTree = "<group>"; };
		111111111111111111111307 /* PackagingScriptTests.swift */ = {isa = PBXFileReference; lastKnownFileType = sourcecode.swift; path = PackagingScriptTests.swift; sourceTree = "<group>"; };
		111111111111111111111308 /* VoiceInputControllerTests.swift */ = {isa = PBXFileReference; lastKnownFileType = sourcecode.swift; path = VoiceInputControllerTests.swift; sourceTree = "<group>"; };
		111111111111111111111309 /* AppStateConversationTests.swift */ = {isa = PBXFileReference; lastKnownFileType = sourcecode.swift; path = AppStateConversationTests.swift; sourceTree = "<group>"; };
		111111111111111111111601 /* CommandPaletteView.swift */ = {isa = PBXFileReference; lastKnownFileType = sourcecode.swift; path = CommandPaletteView.swift; sourceTree = "<group>"; };
		111111111111111111111602 /* InputModePicker.swift */ = {isa = PBXFileReference; lastKnownFileType = sourcecode.swift; path = InputModePicker.swift; sourceTree = "<group>"; };
		111111111111111111111603 /* WorkflowPlanView.swift */ = {isa = PBXFileReference; lastKnownFileType = sourcecode.swift; path = WorkflowPlanView.swift; sourceTree = "<group>"; };
		111111111111111111111604 /* WorkflowStepView.swift */ = {isa = PBXFileReference; lastKnownFileType = sourcecode.swift; path = WorkflowStepView.swift; sourceTree = "<group>"; };
		111111111111111111111605 /* ConfirmationView.swift */ = {isa = PBXFileReference; lastKnownFileType = sourcecode.swift; path = ConfirmationView.swift; sourceTree = "<group>"; };
		111111111111111111111606 /* ApprovalTierView.swift */ = {isa = PBXFileReference; lastKnownFileType = sourcecode.swift; path = ApprovalTierView.swift; sourceTree = "<group>"; };
		111111111111111111111607 /* VerificationView.swift */ = {isa = PBXFileReference; lastKnownFileType = sourcecode.swift; path = VerificationView.swift; sourceTree = "<group>"; };
		111111111111111111111608 /* FocusStatusView.swift */ = {isa = PBXFileReference; lastKnownFileType = sourcecode.swift; path = FocusStatusView.swift; sourceTree = "<group>"; };
		111111111111111111111609 /* PrivacyStatusView.swift */ = {isa = PBXFileReference; lastKnownFileType = sourcecode.swift; path = PrivacyStatusView.swift; sourceTree = "<group>"; };
		11111111111111111111160A /* AuditTrailView.swift */ = {isa = PBXFileReference; lastKnownFileType = sourcecode.swift; path = AuditTrailView.swift; sourceTree = "<group>"; };
		11111111111111111111160B /* TimingView.swift */ = {isa = PBXFileReference; lastKnownFileType = sourcecode.swift; path = TimingView.swift; sourceTree = "<group>"; };
		11111111111111111111160C /* SafetyBlockView.swift */ = {isa = PBXFileReference; lastKnownFileType = sourcecode.swift; path = SafetyBlockView.swift; sourceTree = "<group>"; };
		11111111111111111111160D /* SpeechController.swift */ = {isa = PBXFileReference; lastKnownFileType = sourcecode.swift; path = SpeechController.swift; sourceTree = "<group>"; };
		11111111111111111111160E /* HotKeyController.swift */ = {isa = PBXFileReference; lastKnownFileType = sourcecode.swift; path = HotKeyController.swift; sourceTree = "<group>"; };
		11111111111111111111160F /* PermissionChecker.swift */ = {isa = PBXFileReference; lastKnownFileType = sourcecode.swift; path = PermissionChecker.swift; sourceTree = "<group>"; };
		111111111111111111111610 /* VoiceInputController.swift */ = {isa = PBXFileReference; lastKnownFileType = sourcecode.swift; path = VoiceInputController.swift; sourceTree = "<group>"; };
		111111111111111111111611 /* ConversationModels.swift */ = {isa = PBXFileReference; lastKnownFileType = sourcecode.swift; path = ConversationModels.swift; sourceTree = "<group>"; };
		111111111111111111111612 /* ConversationView.swift */ = {isa = PBXFileReference; lastKnownFileType = sourcecode.swift; path = ConversationView.swift; sourceTree = "<group>"; };
		111111111111111111111613 /* DetailsInspectorView.swift */ = {isa = PBXFileReference; lastKnownFileType = sourcecode.swift; path = DetailsInspectorView.swift; sourceTree = "<group>"; };
/* End PBXFileReference section */

/* Begin PBXFrameworksBuildPhase section */
		111111111111111111111006 /* Frameworks */ = {
			isa = PBXFrameworksBuildPhase;
			buildActionMask = 2147483647;
			files = (
			);
			runOnlyForDeploymentPostprocessing = 0;
		};
		111111111111111111111007 /* Frameworks */ = {
			isa = PBXFrameworksBuildPhase;
			buildActionMask = 2147483647;
			files = (
			);
			runOnlyForDeploymentPostprocessing = 0;
		};
/* End PBXFrameworksBuildPhase section */

/* Begin PBXGroup section */
		111111111111111111111008 = {
			isa = PBXGroup;
			children = (
				111111111111111111111009 /* CueApp */,
				11111111111111111111100A /* CueAppTests */,
				11111111111111111111100B /* Products */,
			);
			sourceTree = "<group>";
		};
		111111111111111111111009 /* CueApp */ = {
			isa = PBXGroup;
			children = (
				111111111111111111111001 /* CueApp.swift */,
				111111111111111111111301 /* AppState.swift */,
				111111111111111111111302 /* Models.swift */,
				111111111111111111111303 /* BackendClient.swift */,
				111111111111111111111304 /* CueStatusBarController.swift */,
				111111111111111111111305 /* OnboardingView.swift */,
				111111111111111111111601 /* CommandPaletteView.swift */,
				111111111111111111111612 /* ConversationView.swift */,
				111111111111111111111613 /* DetailsInspectorView.swift */,
				111111111111111111111602 /* InputModePicker.swift */,
				111111111111111111111603 /* WorkflowPlanView.swift */,
				111111111111111111111604 /* WorkflowStepView.swift */,
				111111111111111111111605 /* ConfirmationView.swift */,
				111111111111111111111606 /* ApprovalTierView.swift */,
				111111111111111111111607 /* VerificationView.swift */,
				111111111111111111111608 /* FocusStatusView.swift */,
				111111111111111111111609 /* PrivacyStatusView.swift */,
				11111111111111111111160A /* AuditTrailView.swift */,
				11111111111111111111160B /* TimingView.swift */,
				11111111111111111111160C /* SafetyBlockView.swift */,
				11111111111111111111160D /* SpeechController.swift */,
				111111111111111111111610 /* VoiceInputController.swift */,
				111111111111111111111611 /* ConversationModels.swift */,
				11111111111111111111160E /* HotKeyController.swift */,
				11111111111111111111160F /* PermissionChecker.swift */,
			);
			sourceTree = "<group>";
		};
		11111111111111111111100A /* CueAppTests */ = {
			isa = PBXGroup;
			children = (
				111111111111111111111002 /* BackendClientTests.swift */,
				111111111111111111111306 /* PermissionCheckerTests.swift */,
				111111111111111111111307 /* PackagingScriptTests.swift */,
				111111111111111111111308 /* VoiceInputControllerTests.swift */,
				111111111111111111111309 /* AppStateConversationTests.swift */,
			);
			path = ../CueAppTests;
			sourceTree = "<group>";
		};
		11111111111111111111100B /* Products */ = {
			isa = PBXGroup;
			children = (
				111111111111111111111004 /* CueApp.app */,
				111111111111111111111005 /* CueAppTests.xctest */,
			);
			name = Products;
			sourceTree = "<group>";
		};
/* End PBXGroup section */

/* Begin PBXNativeTarget section */
		111111111111111111111010 /* CueApp */ = {
			isa = PBXNativeTarget;
			buildConfigurationList = 111111111111111111111011 /* Build configuration list for PBXNativeTarget "CueApp" */;
			buildPhases = (
				111111111111111111111012 /* Sources */,
				111111111111111111111006 /* Frameworks */,
				111111111111111111111013 /* Resources */,
			);
			buildRules = (
			);
			dependencies = (
			);
			name = CueApp;
			productName = CueApp;
			productReference = 111111111111111111111004 /* CueApp.app */;
			productType = "com.apple.product-type.application";
		};
		111111111111111111111014 /* CueAppTests */ = {
			isa = PBXNativeTarget;
			buildConfigurationList = 111111111111111111111015 /* Build configuration list for PBXNativeTarget "CueAppTests" */;
			buildPhases = (
				111111111111111111111016 /* Sources */,
				111111111111111111111007 /* Frameworks */,
				111111111111111111111017 /* Resources */,
			);
			buildRules = (
			);
			dependencies = (
				111111111111111111111018 /* PBXTargetDependency */,
			);
			name = CueAppTests;
			productName = CueAppTests;
			productReference = 111111111111111111111005 /* CueAppTests.xctest */;
			productType = "com.apple.product-type.bundle.unit-test";
		};
/* End PBXNativeTarget section */

/* Begin PBXProject section */
		111111111111111111111000 /* Project object */ = {
			isa = PBXProject;
			attributes = {
				BuildIndependentTargetsInParallel = 1;
				LastSwiftUpdateCheck = 2630;
				LastUpgradeCheck = 2630;
				TargetAttributes = {
					111111111111111111111010 = {
						CreatedOnToolsVersion = 26.3;
					};
					111111111111111111111014 = {
						CreatedOnToolsVersion = 26.3;
						TestTargetID = 111111111111111111111010;
					};
				};
			};
			buildConfigurationList = 111111111111111111111019 /* Build configuration list for PBXProject "CueApp" */;
			compatibilityVersion = "Xcode 14.0";
			developmentRegion = en;
			hasScannedForEncodings = 0;
			knownRegions = (
				en,
				Base,
			);
			mainGroup = 111111111111111111111008;
			productRefGroup = 11111111111111111111100B /* Products */;
			projectDirPath = "";
			projectRoot = "";
			targets = (
				111111111111111111111010 /* CueApp */,
				111111111111111111111014 /* CueAppTests */,
			);
		};
/* End PBXProject section */

/* Begin PBXResourcesBuildPhase section */
		111111111111111111111013 /* Resources */ = {
			isa = PBXResourcesBuildPhase;
			buildActionMask = 2147483647;
			files = (
			);
			runOnlyForDeploymentPostprocessing = 0;
		};
		111111111111111111111017 /* Resources */ = {
			isa = PBXResourcesBuildPhase;
			buildActionMask = 2147483647;
			files = (
			);
			runOnlyForDeploymentPostprocessing = 0;
		};
/* End PBXResourcesBuildPhase section */

/* Begin PBXSourcesBuildPhase section */
		111111111111111111111012 /* Sources */ = {
			isa = PBXSourcesBuildPhase;
			buildActionMask = 2147483647;
			files = (
				111111111111111111111101 /* CueApp.swift in Sources */,
				111111111111111111111201 /* AppState.swift in Sources */,
				111111111111111111111202 /* Models.swift in Sources */,
				111111111111111111111203 /* BackendClient.swift in Sources */,
				111111111111111111111204 /* CueStatusBarController.swift in Sources */,
				111111111111111111111205 /* OnboardingView.swift in Sources */,
				111111111111111111111501 /* CommandPaletteView.swift in Sources */,
				111111111111111111111512 /* ConversationView.swift in Sources */,
				111111111111111111111513 /* DetailsInspectorView.swift in Sources */,
				111111111111111111111502 /* InputModePicker.swift in Sources */,
				111111111111111111111503 /* WorkflowPlanView.swift in Sources */,
				111111111111111111111504 /* WorkflowStepView.swift in Sources */,
				111111111111111111111505 /* ConfirmationView.swift in Sources */,
				111111111111111111111506 /* ApprovalTierView.swift in Sources */,
				111111111111111111111507 /* VerificationView.swift in Sources */,
				111111111111111111111508 /* FocusStatusView.swift in Sources */,
				111111111111111111111509 /* PrivacyStatusView.swift in Sources */,
				11111111111111111111150A /* AuditTrailView.swift in Sources */,
				11111111111111111111150B /* TimingView.swift in Sources */,
				11111111111111111111150C /* SafetyBlockView.swift in Sources */,
				11111111111111111111150D /* SpeechController.swift in Sources */,
				111111111111111111111510 /* VoiceInputController.swift in Sources */,
				111111111111111111111511 /* ConversationModels.swift in Sources */,
				11111111111111111111150E /* HotKeyController.swift in Sources */,
				11111111111111111111150F /* PermissionChecker.swift in Sources */,
			);
			runOnlyForDeploymentPostprocessing = 0;
		};
		111111111111111111111016 /* Sources */ = {
			isa = PBXSourcesBuildPhase;
			buildActionMask = 2147483647;
			files = (
				111111111111111111111102 /* BackendClientTests.swift in Sources */,
				111111111111111111111901 /* PermissionCheckerTests.swift in Sources */,
				111111111111111111111902 /* PackagingScriptTests.swift in Sources */,
				111111111111111111111903 /* VoiceInputControllerTests.swift in Sources */,
				111111111111111111111904 /* AppStateConversationTests.swift in Sources */,
			);
			runOnlyForDeploymentPostprocessing = 0;
		};
/* End PBXSourcesBuildPhase section */

/* Begin PBXTargetDependency section */
		111111111111111111111018 /* PBXTargetDependency */ = {
			isa = PBXTargetDependency;
			target = 111111111111111111111010 /* CueApp */;
			targetProxy = 111111111111111111111103 /* PBXContainerItemProxy */;
		};
/* End PBXTargetDependency section */

/* Begin XCBuildConfiguration section */
		111111111111111111111020 /* Debug */ = {
			isa = XCBuildConfiguration;
			buildSettings = {
				ALWAYS_SEARCH_USER_PATHS = NO;
				CLANG_ANALYZER_NONNULL = YES;
				CLANG_ANALYZER_NUMBER_OBJECT_CONVERSION = YES_AGGRESSIVE;
				CLANG_CXX_LANGUAGE_STANDARD = "gnu++20";
				CLANG_ENABLE_MODULES = YES;
				CLANG_ENABLE_OBJC_ARC = YES;
				CLANG_ENABLE_OBJC_WEAK = YES;
				CLANG_WARN_BLOCK_CAPTURE_AUTORELEASING = YES;
				CLANG_WARN_BOOL_CONVERSION = YES;
				CLANG_WARN_COMMA = YES;
				CLANG_WARN_CONSTANT_CONVERSION = YES;
				CLANG_WARN_DEPRECATED_OBJC_IMPLEMENTATIONS = YES;
				CLANG_WARN_DIRECT_OBJC_ISA_USAGE = YES_ERROR;
				CLANG_WARN_DOCUMENTATION_COMMENTS = YES;
				CLANG_WARN_EMPTY_BODY = YES;
				CLANG_WARN_ENUM_CONVERSION = YES;
				CLANG_WARN_INFINITE_RECURSION = YES;
				CLANG_WARN_INT_CONVERSION = YES;
				CLANG_WARN_NON_LITERAL_NULL_CONVERSION = YES;
				CLANG_WARN_OBJC_IMPLICIT_RETAIN_SELF = YES;
				CLANG_WARN_OBJC_LITERAL_CONVERSION = YES;
				CLANG_WARN_OBJC_ROOT_CLASS = YES_ERROR;
				CLANG_WARN_QUOTED_INCLUDE_IN_FRAMEWORK_HEADER = YES;
				CLANG_WARN_RANGE_LOOP_ANALYSIS = YES;
				CLANG_WARN_STRICT_PROTOTYPES = YES;
				CLANG_WARN_SUSPICIOUS_MOVE = YES;
				CLANG_WARN_UNGUARDED_AVAILABILITY = YES_AGGRESSIVE;
				CLANG_WARN_UNREACHABLE_CODE = YES;
				CLANG_WARN__DUPLICATE_METHOD_MATCH = YES;
				COPY_PHASE_STRIP = NO;
				DEBUG_INFORMATION_FORMAT = dwarf;
				ENABLE_STRICT_OBJC_MSGSEND = YES;
				ENABLE_TESTABILITY = YES;
				GCC_C_LANGUAGE_STANDARD = gnu17;
				GCC_DYNAMIC_NO_PIC = NO;
				GCC_NO_COMMON_BLOCKS = YES;
				GCC_OPTIMIZATION_LEVEL = 0;
				GCC_PREPROCESSOR_DEFINITIONS = (
					"DEBUG=1",
					"$(inherited)",
				);
				GCC_WARN_64_TO_32_BIT_CONVERSION = YES;
				GCC_WARN_ABOUT_RETURN_TYPE = YES_ERROR;
				GCC_WARN_UNDECLARED_SELECTOR = YES;
				GCC_WARN_UNINITIALIZED_AUTOS = YES_AGGRESSIVE;
				GCC_WARN_UNUSED_FUNCTION = YES;
				GCC_WARN_UNUSED_VARIABLE = YES;
				MACOSX_DEPLOYMENT_TARGET = 26.5;
				MTL_ENABLE_DEBUG_INFO = INCLUDE_SOURCE;
				MTL_FAST_MATH = YES;
				ONLY_ACTIVE_ARCH = YES;
				SDKROOT = macosx;
				SWIFT_ACTIVE_COMPILATION_CONDITIONS = DEBUG;
				SWIFT_EMIT_LOC_STRINGS = YES;
				SWIFT_VERSION = 6.0;
			};
			name = Debug;
		};
		111111111111111111111021 /* Release */ = {
			isa = XCBuildConfiguration;
			buildSettings = {
				ALWAYS_SEARCH_USER_PATHS = NO;
				CLANG_ANALYZER_NONNULL = YES;
				CLANG_ANALYZER_NUMBER_OBJECT_CONVERSION = YES_AGGRESSIVE;
				CLANG_CXX_LANGUAGE_STANDARD = "gnu++20";
				CLANG_ENABLE_MODULES = YES;
				CLANG_ENABLE_OBJC_ARC = YES;
				CLANG_ENABLE_OBJC_WEAK = YES;
				CLANG_WARN_BLOCK_CAPTURE_AUTORELEASING = YES;
				CLANG_WARN_BOOL_CONVERSION = YES;
				CLANG_WARN_COMMA = YES;
				CLANG_WARN_CONSTANT_CONVERSION = YES;
				CLANG_WARN_DEPRECATED_OBJC_IMPLEMENTATIONS = YES;
				CLANG_WARN_DIRECT_OBJC_ISA_USAGE = YES_ERROR;
				CLANG_WARN_DOCUMENTATION_COMMENTS = YES;
				CLANG_WARN_EMPTY_BODY = YES;
				CLANG_WARN_ENUM_CONVERSION = YES;
				CLANG_WARN_INFINITE_RECURSION = YES;
				CLANG_WARN_INT_CONVERSION = YES;
				CLANG_WARN_NON_LITERAL_NULL_CONVERSION = YES;
				CLANG_WARN_OBJC_IMPLICIT_RETAIN_SELF = YES;
				CLANG_WARN_OBJC_LITERAL_CONVERSION = YES;
				CLANG_WARN_OBJC_ROOT_CLASS = YES_ERROR;
				CLANG_WARN_QUOTED_INCLUDE_IN_FRAMEWORK_HEADER = YES;
				CLANG_WARN_RANGE_LOOP_ANALYSIS = YES;
				CLANG_WARN_STRICT_PROTOTYPES = YES;
				CLANG_WARN_SUSPICIOUS_MOVE = YES;
				CLANG_WARN_UNGUARDED_AVAILABILITY = YES_AGGRESSIVE;
				CLANG_WARN_UNREACHABLE_CODE = YES;
				CLANG_WARN__DUPLICATE_METHOD_MATCH = YES;
				COPY_PHASE_STRIP = NO;
				DEBUG_INFORMATION_FORMAT = "dwarf-with-dsym";
				ENABLE_NS_ASSERTIONS = NO;
				ENABLE_STRICT_OBJC_MSGSEND = YES;
				GCC_C_LANGUAGE_STANDARD = gnu17;
				GCC_NO_COMMON_BLOCKS = YES;
				GCC_WARN_64_TO_32_BIT_CONVERSION = YES;
				GCC_WARN_ABOUT_RETURN_TYPE = YES_ERROR;
				GCC_WARN_UNDECLARED_SELECTOR = YES;
				GCC_WARN_UNINITIALIZED_AUTOS = YES_AGGRESSIVE;
				GCC_WARN_UNUSED_FUNCTION = YES;
				GCC_WARN_UNUSED_VARIABLE = YES;
				MACOSX_DEPLOYMENT_TARGET = 26.5;
				MTL_ENABLE_DEBUG_INFO = NO;
				MTL_FAST_MATH = YES;
				SDKROOT = macosx;
				SWIFT_COMPILATION_MODE = wholemodule;
				SWIFT_EMIT_LOC_STRINGS = YES;
				SWIFT_VERSION = 6.0;
			};
			name = Release;
		};
		111111111111111111111022 /* Debug */ = {
			isa = XCBuildConfiguration;
			buildSettings = {
				ASSETCATALOG_COMPILER_APPICON_NAME = AppIcon;
				ASSETCATALOG_COMPILER_GLOBAL_ACCENT_COLOR_NAME = AccentColor;
				CODE_SIGN_STYLE = Automatic;
				COMBINE_HIDPI_IMAGES = YES;
				CURRENT_PROJECT_VERSION = 1;
				ENABLE_PREVIEWS = YES;
				GENERATE_INFOPLIST_FILE = YES;
				INFOPLIST_KEY_CFBundleDisplayName = CueApp;
				INFOPLIST_KEY_LSApplicationCategoryType = "public.app-category.productivity";
				INFOPLIST_KEY_NSHumanReadableCopyright = "";
				INFOPLIST_KEY_NSMicrophoneUsageDescription = "Cue uses the microphone for push-to-talk voice commands.";
				INFOPLIST_KEY_NSSpeechRecognitionUsageDescription = "Cue uses speech recognition to turn your spoken requests into text.";
				LD_RUNPATH_SEARCH_PATHS = (
					"$(inherited)",
					"@executable_path/../Frameworks",
				);
				MACOSX_DEPLOYMENT_TARGET = 26.5;
				MARKETING_VERSION = 0.1.0;
				PRODUCT_BUNDLE_IDENTIFIER = app.cue.mac;
				PRODUCT_NAME = "$(TARGET_NAME)";
				SWIFT_VERSION = 6.0;
			};
			name = Debug;
		};
		111111111111111111111023 /* Release */ = {
			isa = XCBuildConfiguration;
			buildSettings = {
				ASSETCATALOG_COMPILER_APPICON_NAME = AppIcon;
				ASSETCATALOG_COMPILER_GLOBAL_ACCENT_COLOR_NAME = AccentColor;
				CODE_SIGN_STYLE = Automatic;
				COMBINE_HIDPI_IMAGES = YES;
				CURRENT_PROJECT_VERSION = 1;
				ENABLE_PREVIEWS = YES;
				GENERATE_INFOPLIST_FILE = YES;
				INFOPLIST_KEY_CFBundleDisplayName = CueApp;
				INFOPLIST_KEY_LSApplicationCategoryType = "public.app-category.productivity";
				INFOPLIST_KEY_NSHumanReadableCopyright = "";
				INFOPLIST_KEY_NSMicrophoneUsageDescription = "Cue uses the microphone for push-to-talk voice commands.";
				INFOPLIST_KEY_NSSpeechRecognitionUsageDescription = "Cue uses speech recognition to turn your spoken requests into text.";
				LD_RUNPATH_SEARCH_PATHS = (
					"$(inherited)",
					"@executable_path/../Frameworks",
				);
				MACOSX_DEPLOYMENT_TARGET = 26.5;
				MARKETING_VERSION = 0.1.0;
				PRODUCT_BUNDLE_IDENTIFIER = app.cue.mac;
				PRODUCT_NAME = "$(TARGET_NAME)";
				SWIFT_VERSION = 6.0;
			};
			name = Release;
		};
		111111111111111111111024 /* Debug */ = {
			isa = XCBuildConfiguration;
			buildSettings = {
				BUNDLE_LOADER = "$(TEST_HOST)";
				CODE_SIGN_STYLE = Automatic;
				CURRENT_PROJECT_VERSION = 1;
				GENERATE_INFOPLIST_FILE = YES;
				LD_RUNPATH_SEARCH_PATHS = (
					"$(inherited)",
					"@executable_path/../Frameworks",
					"@loader_path/../Frameworks",
				);
				MACOSX_DEPLOYMENT_TARGET = 26.5;
				MARKETING_VERSION = 0.1.0;
				PRODUCT_BUNDLE_IDENTIFIER = app.cue.mac.tests;
				PRODUCT_NAME = "$(TARGET_NAME)";
				SWIFT_VERSION = 6.0;
				TEST_HOST = "$(BUILT_PRODUCTS_DIR)/CueApp.app/Contents/MacOS/CueApp";
			};
			name = Debug;
		};
		111111111111111111111025 /* Release */ = {
			isa = XCBuildConfiguration;
			buildSettings = {
				BUNDLE_LOADER = "$(TEST_HOST)";
				CODE_SIGN_STYLE = Automatic;
				CURRENT_PROJECT_VERSION = 1;
				GENERATE_INFOPLIST_FILE = YES;
				LD_RUNPATH_SEARCH_PATHS = (
					"$(inherited)",
					"@executable_path/../Frameworks",
					"@loader_path/../Frameworks",
				);
				MACOSX_DEPLOYMENT_TARGET = 26.5;
				MARKETING_VERSION = 0.1.0;
				PRODUCT_BUNDLE_IDENTIFIER = app.cue.mac.tests;
				PRODUCT_NAME = "$(TARGET_NAME)";
				SWIFT_VERSION = 6.0;
				TEST_HOST = "$(BUILT_PRODUCTS_DIR)/CueApp.app/Contents/MacOS/CueApp";
			};
			name = Release;
		};
/* End XCBuildConfiguration section */

/* Begin XCConfigurationList section */
		111111111111111111111019 /* Build configuration list for PBXProject "CueApp" */ = {
			isa = XCConfigurationList;
			buildConfigurations = (
				111111111111111111111020 /* Debug */,
				111111111111111111111021 /* Release */,
			);
			defaultConfigurationIsVisible = 0;
			defaultConfigurationName = Release;
		};
		111111111111111111111011 /* Build configuration list for PBXNativeTarget "CueApp" */ = {
			isa = XCConfigurationList;
			buildConfigurations = (
				111111111111111111111022 /* Debug */,
				111111111111111111111023 /* Release */,
			);
			defaultConfigurationIsVisible = 0;
			defaultConfigurationName = Release;
		};
		111111111111111111111015 /* Build configuration list for PBXNativeTarget "CueAppTests" */ = {
			isa = XCConfigurationList;
			buildConfigurations = (
				111111111111111111111024 /* Debug */,
				111111111111111111111025 /* Release */,
			);
			defaultConfigurationIsVisible = 0;
			defaultConfigurationName = Release;
		};
/* End XCConfigurationList section */
	};
	rootObject = 111111111111111111111000 /* Project object */;
}
